
Microsoft Visual Studio Solution File, Format Version 12.00
# Visual Studio 15
VisualStudioVersion = 15.0.26124.0
MinimumVisualStudioVersion = 15.0.26124.0
Project("{FAE04EC0-301F-11D3-BF4B-00C04F79EFBC}") = "InfiniteAnalyzer", "InfiniteAnalyzer\InfiniteAnalyzer.csproj", "{97487BBF-DCAE-460F-911C-D3383E4A8629}"
EndProject
Project("{FAE04EC0-301F-11D3-BF4B-00C04F79EFBC}") = "InfiniteAnalyzer.Tests", "InfiniteAnalyzer.Tests\InfiniteAnalyzer.Tests.csproj", "{C57B46E7-89F3-469D-A0FE-EF7F2F22DAF8}"
EndProject
Project("{FAE04EC0-301F-11D3-BF4B-00C04F79EFBC}") = "InfinitesimalAnalyzer", "InfinitesimalAnalyzer\InfinitesimalAnalyzer.csproj", "{B80252C4-861E-48DF-B9F8-B5AC9E3E2A9B}"
EndProject
Project("{FAE04EC0-301F-11D3-BF4B-00C04F79EFBC}") = "InfinitesimalAnalyzer.Tests", "InfinitesimalAnalyzer.Tests\InfinitesimalAnalyzer.Tests.csproj", "{B2655D9A-DA82-4E43-A6CB-3E7088678D70}"
EndProject
Project("{FAE04EC0-301F-11D3-BF4B-00C04F79EFBC}") = "Math", "Math\Math.csproj", "{FD909DA6-8DC2-4D29-8BA3-89DF2537994A}"
EndProject
Project("{FAE04EC0-301F-11D3-BF4B-00C04F79EFBC}") = "Math.Tests", "Math.Tests\Math.Tests.csproj", "{81713A79-7CAD-4659-A139-C4BA71EFDD7C}"
EndProject
Project("{FAE04EC0-301F-11D3-BF4B-00C04F79EFBC}") = "MultivariateAnalyzer", "MultivariateAnalyzer\MultivariateAnalyzer.csproj", "{38F2DA7F-37A0-416C-B90E-0741B9FAC7ED}"
EndProject
Project("{FAE04EC0-301F-11D3-BF4B-00C04F79EFBC}") = "MultivariateAnalyzer.Tests", "MultivariateAnalyzer.Tests\MultivariateAnalyzer.Tests.csproj", "{566250DD-5067-490D-9E7A-08DCA272DCCD}"
EndProject
Project("{FAE04EC0-301F-11D3-BF4B-00C04F79EFBC}") = "NewtonOptimizer", "NewtonOptimizer\NewtonOptimizer.csproj", "{A4F4E915-072D-47BD-9220-38CF821560F1}"
EndProject
Project("{FAE04EC0-301F-11D3-BF4B-00C04F79EFBC}") = "NewtonOptimizer.Tests", "NewtonOptimizer.Tests\NewtonOptimizer.Tests.csproj", "{112C1291-A9CF-443C-BC7C-9BCB98B1BBF0}"
EndProject
Project("{FAE04EC0-301F-11D3-BF4B-00C04F79EFBC}") = "DichotomyOptimizer", "DichotomyOptimizer\DichotomyOptimizer.csproj", "{BBC4367B-1F64-46A2-933C-AE803E61E211}"
EndProject
Project("{FAE04EC0-301F-11D3-BF4B-00C04F79EFBC}") = "DichotomyOptimizer.Tests", "DichotomyOptimizer.Tests\DichotomyOptimizer.Tests.csproj", "{17E0F037-42B2-4768-81EA-21BAED6F87FC}"
EndProject
Project("{FAE04EC0-301F-11D3-BF4B-00C04F79EFBC}") = "GoldenOptimizer", "GoldenOptimizer\GoldenOptimizer.csproj", "{84F71220-C4EC-45C6-9C00-7627FDB9FC85}"
EndProject
Project("{FAE04EC0-301F-11D3-BF4B-00C04F79EFBC}") = "GoldenOptimizer.Tests", "GoldenOptimizer.Tests\GoldenOptimizer.Tests.csproj", "{3BC48A9F-402D-4878-A5E1-3EC6B0E9251D}"
EndProject
Project("{FAE04EC0-301F-11D3-BF4B-00C04F79EFBC}") = "Program", "Program\Program.csproj", "{9A6D1421-551B-4D49-8510-9176D0031FF2}"
EndProject
Project("{FAE04EC0-301F-11D3-BF4B-00C04F79EFBC}") = "Logger", "Logger\Logger.csproj", "{BD278B81-B5E2-4540-90AB-0CBA5E65AC7E}"
EndProject
Global
	GlobalSection(SolutionConfigurationPlatforms) = preSolution
		Debug|Any CPU = Debug|Any CPU
		Debug|x64 = Debug|x64
		Debug|x86 = Debug|x86
		Release|Any CPU = Release|Any CPU
		Release|x64 = Release|x64
		Release|x86 = Release|x86
	EndGlobalSection
	GlobalSection(SolutionProperties) = preSolution
		HideSolutionNode = FALSE
	EndGlobalSection
	GlobalSection(ProjectConfigurationPlatforms) = postSolution
		{97487BBF-DCAE-460F-911C-D3383E4A8629}.Debug|Any CPU.ActiveCfg = Debug|Any CPU
		{97487BBF-DCAE-460F-911C-D3383E4A8629}.Debug|Any CPU.Build.0 = Debug|Any CPU
		{97487BBF-DCAE-460F-911C-D3383E4A8629}.Debug|x64.ActiveCfg = Debug|Any CPU
		{97487BBF-DCAE-460F-911C-D3383E4A8629}.Debug|x64.Build.0 = Debug|Any CPU
		{97487BBF-DCAE-460F-911C-D3383E4A8629}.Debug|x86.ActiveCfg = Debug|Any CPU
		{97487BBF-DCAE-460F-911C-D3383E4A8629}.Debug|x86.Build.0 = Debug|Any CPU
		{97487BBF-DCAE-460F-911C-D3383E4A8629}.Release|Any CPU.ActiveCfg = Release|Any CPU
		{97487BBF-DCAE-460F-911C-D3383E4A8629}.Release|Any CPU.Build.0 = Release|Any CPU
		{97487BBF-DCAE-460F-911C-D3383E4A8629}.Release|x64.ActiveCfg = Release|Any CPU
		{97487BBF-DCAE-460F-911C-D3383E4A8629}.Release|x64.Build.0 = Release|Any CPU
		{97487BBF-DCAE-460F-911C-D3383E4A8629}.Release|x86.ActiveCfg = Release|Any CPU
		{97487BBF-DCAE-460F-911C-D3383E4A8629}.Release|x86.Build.0 = Release|Any CPU
		{C57B46E7-89F3-469D-A0FE-EF7F2F22DAF8}.Debug|Any CPU.ActiveCfg = Debug|Any CPU
		{C57B46E7-89F3-469D-A0FE-EF7F2F22DAF8}.Debug|Any CPU.Build.0 = Debug|Any CPU
		{C57B46E7-89F3-469D-A0FE-EF7F2F22DAF8}.Debug|x64.ActiveCfg = Debug|Any CPU
		{C57B46E7-89F3-469D-A0FE-EF7F2F22DAF8}.Debug|x64.Build.0 = Debug|Any CPU
		{C57B46E7-89F3-469D-A0FE-EF7F2F22DAF8}.Debug|x86.ActiveCfg = Debug|Any CPU
		{C57B46E7-89F3-469D-A0FE-EF7F2F22DAF8}.Debug|x86.Build.0 = Debug|Any CPU
		{C57B46E7-89F3-469D-A0FE-EF7F2F22DAF8}.Release|Any CPU.ActiveCfg = Release|Any CPU
		{C57B46E7-89F3-469D-A0FE-EF7F2F22DAF8}.Release|Any CPU.Build.0 = Release|Any CPU
		{C57B46E7-89F3-469D-A0FE-EF7F2F22DAF8}.Release|x64.ActiveCfg = Release|Any CPU
		{C57B46E7-89F3-469D-A0FE-EF7F2F22DAF8}.Release|x64.Build.0 = Release|Any CPU
		{C57B46E7-89F3-469D-A0FE-EF7F2F22DAF8}.Release|x86.ActiveCfg = Release|Any CPU
		{C57B46E7-89F3-469D-A0FE-EF7F2F22DAF8}.Release|x86.Build.0 = Release|Any CPU
		{B80252C4-861E-48DF-B9F8-B5AC9E3E2A9B}.Debug|Any CPU.ActiveCfg = Debug|Any CPU
		{B80252C4-861E-48DF-B9F8-B5AC9E3E2A9B}.Debug|Any CPU.Build.0 = Debug|Any CPU
		{B80252C4-861E-48DF-B9F8-B5AC9E3E2A9B}.Debug|x64.ActiveCfg = Debug|Any CPU
		{B80252C4-861E-48DF-B9F8-B5AC9E3E2A9B}.Debug|x64.Build.0 = Debug|Any CPU
		{B80252C4-861E-48DF-B9F8-B5AC9E3E2A9B}.Debug|x86.ActiveCfg = Debug|Any CPU
		{B80252C4-861E-48DF-B9F8-B5AC9E3E2A9B}.Debug|x86.Build.0 = Debug|Any CPU
		{B80252C4-861E-48DF-B9F8-B5AC9E3E2A9B}.Release|Any CPU.ActiveCfg = Release|Any CPU
		{B80252C4-861E-48DF-B9F8-B5AC9E3E2A9B}.Release|Any CPU.Build.0 = Release|Any CPU
		{B80252C4-861E-48DF-B9F8-B5AC9E3E2A9B}.Release|x64.ActiveCfg = Release|Any CPU
		{B80252C4-861E-48DF-B9F8-B5AC9E3E2A9B}.Release|x64.Build.0 = Release|Any CPU
		{B80252C4-861E-48DF-B9F8-B5AC9E3E2A9B}.Release|x86.ActiveCfg = Release|Any CPU
		{B80252C4-861E-48DF-B9F8-B5AC9E3E2A9B}.Release|x86.Build.0 = Release|Any CPU
		{B2655D9A-DA82-4E43-A6CB-3E7088678D70}.Debug|Any CPU.ActiveCfg = Debug|Any CPU
		{B2655D9A-DA82-4E43-A6CB-3E7088678D70}.Debug|Any CPU.Build.0 = Debug|Any CPU
		{B2655D9A-DA82-4E43-A6CB-3E7088678D70}.Debug|x64.ActiveCfg = Debug|Any CPU
		{B2655D9A-DA82-4E43-A6CB-3E7088678D70}.Debug|x64.Build.0 = Debug|Any CPU
		{B2655D9A-DA82-4E43-A6CB-3E7088678D70}.Debug|x86.ActiveCfg = Debug|Any CPU
		{B2655D9A-DA82-4E43-A6CB-3E7088678D70}.Debug|x86.Build.0 = Debug|Any CPU
		{B2655D9A-DA82-4E43-A6CB-3E7088678D70}.Release|Any CPU.ActiveCfg = Release|Any CPU
		{B2655D9A-DA82-4E43-A6CB-3E7088678D70}.Release|Any CPU.Build.0 = Release|Any CPU
		{B2655D9A-DA82-4E43-A6CB-3E7088678D70}.Release|x64.ActiveCfg = Release|Any CPU
		{B2655D9A-DA82-4E43-A6CB-3E7088678D70}.Release|x64.Build.0 = Release|Any CPU
		{B2655D9A-DA82-4E43-A6CB-3E7088678D70}.Release|x86.ActiveCfg = Release|Any CPU
		{B2655D9A-DA82-4E43-A6CB-3E7088678D70}.Release|x86.Build.0 = Release|Any CPU
		{FD909DA6-8DC2-4D29-8BA3-89DF2537994A}.Debug|Any CPU.ActiveCfg = Debug|Any CPU
		{FD909DA6-8DC2-4D29-8BA3-89DF2537994A}.Debug|Any CPU.Build.0 = Debug|Any CPU
		{FD909DA6-8DC2-4D29-8BA3-89DF2537994A}.Debug|x64.ActiveCfg = Debug|Any CPU
		{FD909DA6-8DC2-4D29-8BA3-89DF2537994A}.Debug|x64.Build.0 = Debug|Any CPU
		{FD909DA6-8DC2-4D29-8BA3-89DF2537994A}.Debug|x86.ActiveCfg = Debug|Any CPU
		{FD909DA6-8DC2-4D29-8BA3-89DF2537994A}.Debug|x86.Build.0 = Debug|Any CPU
		{FD909DA6-8DC2-4D29-8BA3-89DF2537994A}.Release|Any CPU.ActiveCfg = Release|Any CPU
		{FD909DA6-8DC2-4D29-8BA3-89DF2537994A}.Release|Any CPU.Build.0 = Release|Any CPU
		{FD909DA6-8DC2-4D29-8BA3-89DF2537994A}.Release|x64.ActiveCfg = Release|Any CPU
		{FD909DA6-8DC2-4D29-8BA3-89DF2537994A}.Release|x64.Build.0 = Release|Any CPU
		{FD909DA6-8DC2-4D29-8BA3-89DF2537994A}.Release|x86.ActiveCfg = Release|Any CPU
		{FD909DA6-8DC2-4D29-8BA3-89DF2537994A}.Release|x86.Build.0 = Release|Any CPU
		{81713A79-7CAD-4659-A139-C4BA71EFDD7C}.Debug|Any CPU.ActiveCfg = Debug|Any CPU
		{81713A79-7CAD-4659-A139-C4BA71EFDD7C}.Debug|Any CPU.Build.0 = Debug|Any CPU
		{81713A79-7CAD-4659-A139-C4BA71EFDD7C}.Debug|x64.ActiveCfg = Debug|Any CPU
		{81713A79-7CAD-4659-A139-C4BA71EFDD7C}.Debug|x64.Build.0 = Debug|Any CPU
		{81713A79-7CAD-4659-A139-C4BA71EFDD7C}.Debug|x86.ActiveCfg = Debug|Any CPU
		{81713A79-7CAD-4659-A139-C4BA71EFDD7C}.Debug|x86.Build.0 = Debug|Any CPU
		{81713A79-7CAD-4659-A139-C4BA71EFDD7C}.Release|Any CPU.ActiveCfg = Release|Any CPU
		{81713A79-7CAD-4659-A139-C4BA71EFDD7C}.Release|Any CPU.Build.0 = Release|Any CPU
		{81713A79-7CAD-4659-A139-C4BA71EFDD7C}.Release|x64.ActiveCfg = Release|Any CPU
		{81713A79-7CAD-4659-A139-C4BA71EFDD7C}.Release|x64.Build.0 = Release|Any CPU
		{81713A79-7CAD-4659-A139-C4BA71EFDD7C}.Release|x86.ActiveCfg = Release|Any CPU
		{81713A79-7CAD-4659-A139-C4BA71EFDD7C}.Release|x86.Build.0 = Release|Any CPU
		{38F2DA7F-37A0-416C-B90E-0741B9FAC7ED}.Debug|Any CPU.ActiveCfg = Debug|Any CPU
		{38F2DA7F-37A0-416C-B90E-0741B9FAC7ED}.Debug|Any CPU.Build.0 = Debug|Any CPU
		{38F2DA7F-37A0-416C-B90E-0741B9FAC7ED}.Debug|x64.ActiveCfg = Debug|Any CPU
		{38F2DA7F-37A0-416C-B90E-0741B9FAC7ED}.Debug|x64.Build.0 = Debug|Any CPU
		{38F2DA7F-37A0-416C-B90E-0741B9FAC7ED}.Debug|x86.ActiveCfg = Debug|Any CPU
		{38F2DA7F-37A0-416C-B90E-0741B9FAC7ED}.Debug|x86.Build.0 = Debug|Any CPU
		{38F2DA7F-37A0-416C-B90E-0741B9FAC7ED}.Release|Any CPU.ActiveCfg = Release|Any CPU
		{38F2DA7F-37A0-416C-B90E-0741B9FAC7ED}.Release|Any CPU.Build.0 = Release|Any CPU
		{38F2DA7F-37A0-416C-B90E-0741B9FAC7ED}.Release|x64.ActiveCfg = Release|Any CPU
		{38F2DA7F-37A0-416C-B90E-0741B9FAC7ED}.Release|x64.Build.0 = Release|Any CPU
		{38F2DA7F-37A0-416C-B90E-0741B9FAC7ED}.Release|x86.ActiveCfg = Release|Any CPU
		{38F2DA7F-37A0-416C-B90E-0741B9FAC7ED}.Release|x86.Build.0 = Release|Any CPU
		{566250DD-5067-490D-9E7A-08DCA272DCCD}.Debug|Any CPU.ActiveCfg = Debug|Any CPU
		{566250DD-5067-490D-9E7A-08DCA272DCCD}.Debug|Any CPU.Build.0 = Debug|Any CPU
		{566250DD-5067-490D-9E7A-08DCA272DCCD}.Debug|x64.ActiveCfg = Debug|Any CPU
		{566250DD-5067-490D-9E7A-08DCA272DCCD}.Debug|x64.Build.0 = Debug|Any CPU
		{566250DD-5067-490D-9E7A-08DCA272DCCD}.Debug|x86.ActiveCfg = Debug|Any CPU
		{566250DD-5067-490D-9E7A-08DCA272DCCD}.Debug|x86.Build.0 = Debug|Any CPU
		{566250DD-5067-490D-9E7A-08DCA272DCCD}.Release|Any CPU.ActiveCfg = Release|Any CPU
		{566250DD-5067-490D-9E7A-08DCA272DCCD}.Release|Any CPU.Build.0 = Release|Any CPU
		{566250DD-5067-490D-9E7A-08DCA272DCCD}.Release|x64.ActiveCfg = Release|Any CPU
		{566250DD-5067-490D-9E7A-08DCA272DCCD}.Release|x64.Build.0 = Release|Any CPU
		{566250DD-5067-490D-9E7A-08DCA272DCCD}.Release|x86.ActiveCfg = Release|Any CPU
		{566250DD-5067-490D-9E7A-08DCA272DCCD}.Release|x86.Build.0 = Release|Any CPU
		{A4F4E915-072D-47BD-9220-38CF821560F1}.Debug|Any CPU.ActiveCfg = Debug|Any CPU
		{A4F4E915-072D-47BD-9220-38CF821560F1}.Debug|Any CPU.Build.0 = Debug|Any CPU
		{A4F4E915-072D-47BD-9220-38CF821560F1}.Debug|x64.ActiveCfg = Debug|Any CPU
		{A4F4E915-072D-47BD-9220-38CF821560F1}.Debug|x64.Build.0 = Debug|Any CPU
		{A4F4E915-072D-47BD-9220-38CF821560F1}.Debug|x86.ActiveCfg = Debug|Any CPU
		{A4F4E915-072D-47BD-9220-38CF821560F1}.Debug|x86.Build.0 = Debug|Any CPU
		{A4F4E915-072D-47BD-9220-38CF821560F1}.Release|Any CPU.ActiveCfg = Release|Any CPU
		{A4F4E915-072D-47BD-9220-38CF821560F1}.Release|Any CPU.Build.0 = Release|Any CPU
		{A4F4E915-072D-47BD-9220-38CF821560F1}.Release|x64.ActiveCfg = Release|Any CPU
		{A4F4E915-072D-47BD-9220-38CF821560F1}.Release|x64.Build.0 = Release|Any CPU
		{A4F4E915-072D-47BD-9220-38CF821560F1}.Release|x86.ActiveCfg = Release|Any CPU
		{A4F4E915-072D-47BD-9220-38CF821560F1}.Release|x86.Build.0 = Release|Any CPU
		{112C1291-A9CF-443C-BC7C-9BCB98B1BBF0}.Debug|Any CPU.ActiveCfg = Debug|Any CPU
		{112C1291-A9CF-443C-BC7C-9BCB98B1BBF0}.Debug|Any CPU.Build.0 = Debug|Any CPU
		{112C1291-A9CF-443C-BC7C-9BCB98B1BBF0}.Debug|x64.ActiveCfg = Debug|Any CPU
		{112C1291-A9CF-443C-BC7C-9BCB98B1BBF0}.Debug|x64.Build.0 = Debug|Any CPU
		{112C1291-A9CF-443C-BC7C-9BCB98B1BBF0}.Debug|x86.ActiveCfg = Debug|Any CPU
		{112C1291-A9CF-443C-BC7C-9BCB98B1BBF0}.Debug|x86.Build.0 = Debug|Any CPU
		{112C1291-A9CF-443C-BC7C-9BCB98B1BBF0}.Release|Any CPU.ActiveCfg = Release|Any CPU
		{112C1291-A9CF-443C-BC7C-9BCB98B1BBF0}.Release|Any CPU.Build.0 = Release|Any CPU
		{112C1291-A9CF-443C-BC7C-9BCB98B1BBF0}.Release|x64.ActiveCfg = Release|Any CPU
		{112C1291-A9CF-443C-BC7C-9BCB98B1BBF0}.Release|x64.Build.0 = Release|Any CPU
		{112C1291-A9CF-443C-BC7C-9BCB98B1BBF0}.Release|x86.ActiveCfg = Release|Any CPU
		{112C1291-A9CF-443C-BC7C-9BCB98B1BBF0}.Release|x86.Build.0 = Release|Any CPU
		{BBC4367B-1F64-46A2-933C-AE803E61E211}.Debug|Any CPU.ActiveCfg = Debug|Any CPU
		{BBC4367B-1F64-46A2-933C-AE803E61E211}.Debug|Any CPU.Build.0 = Debug|Any CPU
		{BBC4367B-1F64-46A2-933C-AE803E61E211}.Debug|x64.ActiveCfg = Debug|Any CPU
		{BBC4367B-1F64-46A2-933C-AE803E61E211}.Debug|x64.Build.0 = Debug|Any CPU
		{BBC4367B-1F64-46A2-933C-AE803E61E211}.Debug|x86.ActiveCfg = Debug|Any CPU
		{BBC4367B-1F64-46A2-933C-AE803E61E211}.Debug|x86.Build.0 = Debug|Any CPU
		{BBC4367B-1F64-46A2-933C-AE803E61E211}.Release|Any CPU.ActiveCfg = Release|Any CPU
		{BBC4367B-1F64-46A2-933C-AE803E61E211}.Release|Any CPU.Build.0 = Release|Any CPU
		{BBC4367B-1F64-46A2-933C-AE803E61E211}.Release|x64.ActiveCfg = Release|Any CPU
		{BBC4367B-1F64-46A2-933C-AE803E61E211}.Release|x64.Build.0 = Release|Any CPU
		{BBC4367B-1F64-46A2-933C-AE803E61E211}.Release|x86.ActiveCfg = Release|Any CPU
		{BBC4367B-1F64-46A2-933C-AE803E61E211}.Release|x86.Build.0 = Release|Any CPU
		{17E0F037-42B2-4768-81EA-21BAED6F87FC}.Debug|Any CPU.ActiveCfg = Debug|Any CPU
		{17E0F037-42B2-4768-81EA-21BAED6F87FC}.Debug|Any CPU.Build.0 = Debug|Any CPU
		{17E0F037-42B2-4768-81EA-21BAED6F87FC}.Debug|x64.ActiveCfg = Debug|Any CPU
		{17E0F037-42B2-4768-81EA-21BAED6F87FC}.Debug|x64.Build.0 = Debug|Any CPU
		{17E0F037-42B2-4768-81EA-21BAED6F87FC}.Debug|x86.ActiveCfg = Debug|Any CPU
		{17E0F037-42B2-4768-81EA-21BAED6F87FC}.Debug|x86.Build.0 = Debug|Any CPU
		{17E0F037-42B2-4768-81EA-21BAED6F87FC}.Release|Any CPU.ActiveCfg = Release|Any CPU
		{17E0F037-42B2-4768-81EA-21BAED6F87FC}.Release|Any CPU.Build.0 = Release|Any CPU
		{17E0F037-42B2-4768-81EA-21BAED6F87FC}.Release|x64.ActiveCfg = Release|Any CPU
		{17E0F037-42B2-4768-81EA-21BAED6F87FC}.Release|x64.Build.0 = Release|Any CPU
		{17E0F037-42B2-4768-81EA-21BAED6F87FC}.Release|x86.ActiveCfg = Release|Any CPU
		{17E0F037-42B2-4768-81EA-21BAED6F87FC}.Release|x86.Build.0 = Release|Any CPU
		{84F71220-C4EC-45C6-9C00-7627FDB9FC85}.Debug|Any CPU.ActiveCfg = Debug|Any CPU
		{84F71220-C4EC-45C6-9C00-7627FDB9FC85}.Debug|Any CPU.Build.0 = Debug|Any CPU
		{84F71220-C4EC-45C6-9C00-7627FDB9FC85}.Debug|x64.ActiveCfg = Debug|Any CPU
		{84F71220-C4EC-45C6-9C00-7627FDB9FC85}.Debug|x64.Build.0 = Debug|Any CPU
		{84F71220-C4EC-45C6-9C00-7627FDB9FC85}.Debug|x86.ActiveCfg = Debug|Any CPU
		{84F71220-C4EC-45C6-9C00-7627FDB9FC85}.Debug|x86.Build.0 = Debug|Any CPU
		{84F71220-C4EC-45C6-9C00-7627FDB9FC85}.Release|Any CPU.ActiveCfg = Release|Any CPU
		{84F71220-C4EC-45C6-9C00-7627FDB9FC85}.Release|Any CPU.Build.0 = Release|Any CPU
		{84F71220-C4EC-45C6-9C00-7627FDB9FC85}.Release|x64.ActiveCfg = Release|Any CPU
		{84F71220-C4EC-45C6-9C00-7627FDB9FC85}.Release|x64.Build.0 = Release|Any CPU
		{84F71220-C4EC-45C6-9C00-7627FDB9FC85}.Release|x86.ActiveCfg = Release|Any CPU
		{84F71220-C4EC-45C6-9C00-7627FDB9FC85}.Release|x86.Build.0 = Release|Any CPU
		{3BC48A9F-402D-4878-A5E1-3EC6B0E9251D}.Debug|Any CPU.ActiveCfg = Debug|Any CPU
		{3BC48A9F-402D-4878-A5E1-3EC6B0E9251D}.Debug|Any CPU.Build.0 = Debug|Any CPU
		{3BC48A9F-402D-4878-A5E1-3EC6B0E9251D}.Debug|x64.ActiveCfg = Debug|Any CPU
		{3BC48A9F-402D-4878-A5E1-3EC6B0E9251D}.Debug|x64.Build.0 = Debug|Any CPU
		{3BC48A9F-402D-4878-A5E1-3EC6B0E9251D}.Debug|x86.ActiveCfg = Debug|Any CPU
		{3BC48A9F-402D-4878-A5E1-3EC6B0E9251D}.Debug|x86.Build.0 = Debug|Any CPU
		{3BC48A9F-402D-4878-A5E1-3EC6B0E9251D}.Release|Any CPU.ActiveCfg = Release|Any CPU
		{3BC48A9F-402D-4878-A5E1-3EC6B0E9251D}.Release|Any CPU.Build.0 = Release|Any CPU
		{3BC48A9F-402D-4878-A5E1-3EC6B0E9251D}.Release|x64.ActiveCfg = Release|Any CPU
		{3BC48A9F-402D-4878-A5E1-3EC6B0E9251D}.Release|x64.Build.0 = Release|Any CPU
		{3BC48A9F-402D-4878-A5E1-3EC6B0E9251D}.Release|x86.ActiveCfg = Release|Any CPU
		{3BC48A9F-402D-4878-A5E1-3EC6B0E9251D}.Release|x86.Build.0 = Release|Any CPU
		{9A6D1421-551B-4D49-8510-9176D0031FF2}.Debug|Any CPU.ActiveCfg = Debug|Any CPU
		{9A6D1421-551B-4D49-8510-9176D0031FF2}.Debug|Any CPU.Build.0 = Debug|Any CPU
		{9A6D1421-551B-4D49-8510-9176D0031FF2}.Debug|x64.ActiveCfg = Debug|Any CPU
		{9A6D1421-551B-4D49-8510-9176D0031FF2}.Debug|x64.Build.0 = Debug|Any CPU
		{9A6D1421-551B-4D49-8510-9176D0031FF2}.Debug|x86.ActiveCfg = Debug|Any CPU
		{9A6D1421-551B-4D49-8510-9176D0031FF2}.Debug|x86.Build.0 = Debug|Any CPU
		{9A6D1421-551B-4D49-8510-9176D0031FF2}.Release|Any CPU.ActiveCfg = Release|Any CPU
		{9A6D1421-551B-4D49-8510-9176D0031FF2}.Release|Any CPU.Build.0 = Release|Any CPU
		{9A6D1421-551B-4D49-8510-9176D0031FF2}.Release|x64.ActiveCfg = Release|Any CPU
		{9A6D1421-551B-4D49-8510-9176D0031FF2}.Release|x64.Build.0 = Release|Any CPU
		{9A6D1421-551B-4D49-8510-9176D0031FF2}.Release|x86.ActiveCfg = Release|Any CPU
		{9A6D1421-551B-4D49-8510-9176D0031FF2}.Release|x86.Build.0 = Release|Any CPU
		{BD278B81-B5E2-4540-90AB-0CBA5E65AC7E}.Debug|Any CPU.ActiveCfg = Debug|Any CPU
		{BD278B81-B5E2-4540-90AB-0CBA5E65AC7E}.Debug|Any CPU.Build.0 = Debug|Any CPU
		{BD278B81-B5E2-4540-90AB-0CBA5E65AC7E}.Debug|x64.ActiveCfg = Debug|Any CPU
		{BD278B81-B5E2-4540-90AB-0CBA5E65AC7E}.Debug|x64.Build.0 = Debug|Any CPU
		{BD278B81-B5E2-4540-90AB-0CBA5E65AC7E}.Debug|x86.ActiveCfg = Debug|Any CPU
		{BD278B81-B5E2-4540-90AB-0CBA5E65AC7E}.Debug|x86.Build.0 = Debug|Any CPU
		{BD278B81-B5E2-4540-90AB-0CBA5E65AC7E}.Release|Any CPU.ActiveCfg = Release|Any CPU
		{BD278B81-B5E2-4540-90AB-0CBA5E65AC7E}.Release|Any CPU.Build.0 = Release|Any CPU
		{BD278B81-B5E2-4540-90AB-0CBA5E65AC7E}.Release|x64.ActiveCfg = Release|Any CPU
		{BD278B81-B5E2-4540-90AB-0CBA5E65AC7E}.Release|x64.Build.0 = Release|Any CPU
		{BD278B81-B5E2-4540-90AB-0CBA5E65AC7E}.Release|x86.ActiveCfg = Release|Any CPU
		{BD278B81-B5E2-4540-90AB-0CBA5E65AC7E}.Release|x86.Build.0 = Release|Any CPU
	EndGlobalSection
EndGlobal
